
Microsoft Visual Studio Solution File, Format Version 12.00
# Visual Studio 15
VisualStudioVersion = 15.0.27428.2043
MinimumVisualStudioVersion = 10.0.40219.1
Project("{FAE04EC0-301F-11D3-BF4B-00C04F79EFBC}") = "Hello _World", "Hello _World\Hello _World.csproj", "{2E91D63F-FD28-479F-A504-B6255CC2932E}"
EndProject
Global
	GlobalSection(SolutionConfigurationPlatforms) = preSolution
		Debug|Any CPU = Debug|Any CPU
		Release|Any CPU = Release|Any CPU
	EndGlobalSection
	GlobalSection(ProjectConfigurationPlatforms) = postSolution
		{2E91D63F-FD28-479F-A504-B6255CC2932E}.Debug|Any CPU.ActiveCfg = Debug|Any CPU
		{2E91D63F-FD28-479F-A504-B6255CC2932E}.Debug|Any CPU.Build.0 = Debug|Any CPU
		{2E91D63F-FD28-479F-A504-B6255CC2932E}.Release|Any CPU.ActiveCfg = Release|Any CPU
		{2E91D63F-FD28-479F-A504-B6255CC2932E}.Release|Any CPU.Build.0 = Release|Any CPU
	EndGlobalSection
	GlobalSection(SolutionProperties) = preSolution
		HideSolutionNode = FALSE
	EndGlobalSection
	GlobalSection(ExtensibilityGlobals) = postSolution
		SolutionGuid = {6441648D-E02F-4A25-B98C-C202978D3692}
	EndGlobalSection
EndGlobal
